
Microsoft Visual Studio Solution File, Format Version 12.00
# Visual Studio Version 16
VisualStudioVersion = 16.0.31313.79
MinimumVisualStudioVersion = 10.0.40219.1
Project("{FAE04EC0-301F-11D3-BF4B-00C04F79EFBC}") = "ArraysAndLists", "ArraysAndLists\ArraysAndLists.csproj", "{1D6E634E-1D3D-4C00-AD97-7B8A6543CDAE}"
EndProject
Global
	GlobalSection(SolutionConfigurationPlatforms) = preSolution
		Debug|Any CPU = Debug|Any CPU
		Release|Any CPU = Release|Any CPU
	EndGlobalSection
	GlobalSection(ProjectConfigurationPlatforms) = postSolution
		{1D6E634E-1D3D-4C00-AD97-7B8A6543CDAE}.Debug|Any CPU.ActiveCfg = Debug|Any CPU
		{1D6E634E-1D3D-4C00-AD97-7B8A6543CDAE}.Debug|Any CPU.Build.0 = Debug|Any CPU
		{1D6E634E-1D3D-4C00-AD97-7B8A6543CDAE}.Release|Any CPU.ActiveCfg = Release|Any CPU
		{1D6E634E-1D3D-4C00-AD97-7B8A6543CDAE}.Release|Any CPU.Build.0 = Release|Any CPU
	EndGlobalSection
	GlobalSection(SolutionProperties) = preSolution
		HideSolutionNode = FALSE
	EndGlobalSection
	GlobalSection(ExtensibilityGlobals) = postSolution
		SolutionGuid = {3154A622-D058-43EE-ADB0-D5D1669BFDAF}
	EndGlobalSection
EndGlobal
