
Microsoft Visual Studio Solution File, Format Version 12.00
# Visual Studio Version 16
VisualStudioVersion = 16.0.31313.79
MinimumVisualStudioVersion = 10.0.40219.1
Project("{FAE04EC0-301F-11D3-BF4B-00C04F79EFBC}") = "ParamatersAssignment", "ParamatersAssignment\ParamatersAssignment.csproj", "{EA42134A-A8CF-4383-9F20-39FE25D7E674}"
EndProject
Global
	GlobalSection(SolutionConfigurationPlatforms) = preSolution
		Debug|Any CPU = Debug|Any CPU
		Release|Any CPU = Release|Any CPU
	EndGlobalSection
	GlobalSection(ProjectConfigurationPlatforms) = postSolution
		{EA42134A-A8CF-4383-9F20-39FE25D7E674}.Debug|Any CPU.ActiveCfg = Debug|Any CPU
		{EA42134A-A8CF-4383-9F20-39FE25D7E674}.Debug|Any CPU.Build.0 = Debug|Any CPU
		{EA42134A-A8CF-4383-9F20-39FE25D7E674}.Release|Any CPU.ActiveCfg = Release|Any CPU
		{EA42134A-A8CF-4383-9F20-39FE25D7E674}.Release|Any CPU.Build.0 = Release|Any CPU
	EndGlobalSection
	GlobalSection(SolutionProperties) = preSolution
		HideSolutionNode = FALSE
	EndGlobalSection
	GlobalSection(ExtensibilityGlobals) = postSolution
		SolutionGuid = {D8C72085-C3DB-45E6-991A-202206C12CDA}
	EndGlobalSection
EndGlobal
