
Microsoft Visual Studio Solution File, Format Version 12.00
# Visual Studio Version 16
VisualStudioVersion = 16.0.31313.79
MinimumVisualStudioVersion = 10.0.40219.1
Project("{FAE04EC0-301F-11D3-BF4B-00C04F79EFBC}") = "ConsoleAppAssignment", "ConsoleAppAssignment\ConsoleAppAssignment.csproj", "{8FC01550-58EB-49B4-84CB-FFEA8E229A4C}"
EndProject
Global
	GlobalSection(SolutionConfigurationPlatforms) = preSolution
		Debug|Any CPU = Debug|Any CPU
		Release|Any CPU = Release|Any CPU
	EndGlobalSection
	GlobalSection(ProjectConfigurationPlatforms) = postSolution
		{8FC01550-58EB-49B4-84CB-FFEA8E229A4C}.Debug|Any CPU.ActiveCfg = Debug|Any CPU
		{8FC01550-58EB-49B4-84CB-FFEA8E229A4C}.Debug|Any CPU.Build.0 = Debug|Any CPU
		{8FC01550-58EB-49B4-84CB-FFEA8E229A4C}.Release|Any CPU.ActiveCfg = Release|Any CPU
		{8FC01550-58EB-49B4-84CB-FFEA8E229A4C}.Release|Any CPU.Build.0 = Release|Any CPU
	EndGlobalSection
	GlobalSection(SolutionProperties) = preSolution
		HideSolutionNode = FALSE
	EndGlobalSection
	GlobalSection(ExtensibilityGlobals) = postSolution
		SolutionGuid = {1E07462E-8993-4D76-8C28-508205087433}
	EndGlobalSection
EndGlobal
