
Microsoft Visual Studio Solution File, Format Version 12.00
# Visual Studio Version 16
VisualStudioVersion = 16.0.31313.79
MinimumVisualStudioVersion = 10.0.40219.1
Project("{FAE04EC0-301F-11D3-BF4B-00C04F79EFBC}") = "TwentyOne", "TwentyOne\TwentyOne.csproj", "{FA22D218-9BBD-4D62-8F36-0815DDE4F58D}"
EndProject
Global
	GlobalSection(SolutionConfigurationPlatforms) = preSolution
		Debug|Any CPU = Debug|Any CPU
		Release|Any CPU = Release|Any CPU
	EndGlobalSection
	GlobalSection(ProjectConfigurationPlatforms) = postSolution
		{FA22D218-9BBD-4D62-8F36-0815DDE4F58D}.Debug|Any CPU.ActiveCfg = Debug|Any CPU
		{FA22D218-9BBD-4D62-8F36-0815DDE4F58D}.Debug|Any CPU.Build.0 = Debug|Any CPU
		{FA22D218-9BBD-4D62-8F36-0815DDE4F58D}.Release|Any CPU.ActiveCfg = Release|Any CPU
		{FA22D218-9BBD-4D62-8F36-0815DDE4F58D}.Release|Any CPU.Build.0 = Release|Any CPU
	EndGlobalSection
	GlobalSection(SolutionProperties) = preSolution
		HideSolutionNode = FALSE
	EndGlobalSection
	GlobalSection(ExtensibilityGlobals) = postSolution
		SolutionGuid = {53DDCC73-6F17-4EEB-941E-EE52A2D80276}
	EndGlobalSection
EndGlobal
