
Microsoft Visual Studio Solution File, Format Version 12.00
# Visual Studio Version 16
VisualStudioVersion = 16.0.31313.79
MinimumVisualStudioVersion = 10.0.40219.1
Project("{FAE04EC0-301F-11D3-BF4B-00C04F79EFBC}") = "MethodAssignment", "MethodAssignment\MethodAssignment.csproj", "{4184D32B-0569-456D-B7E6-39262501003F}"
EndProject
Global
	GlobalSection(SolutionConfigurationPlatforms) = preSolution
		Debug|Any CPU = Debug|Any CPU
		Release|Any CPU = Release|Any CPU
	EndGlobalSection
	GlobalSection(ProjectConfigurationPlatforms) = postSolution
		{4184D32B-0569-456D-B7E6-39262501003F}.Debug|Any CPU.ActiveCfg = Debug|Any CPU
		{4184D32B-0569-456D-B7E6-39262501003F}.Debug|Any CPU.Build.0 = Debug|Any CPU
		{4184D32B-0569-456D-B7E6-39262501003F}.Release|Any CPU.ActiveCfg = Release|Any CPU
		{4184D32B-0569-456D-B7E6-39262501003F}.Release|Any CPU.Build.0 = Release|Any CPU
	EndGlobalSection
	GlobalSection(SolutionProperties) = preSolution
		HideSolutionNode = FALSE
	EndGlobalSection
	GlobalSection(ExtensibilityGlobals) = postSolution
		SolutionGuid = {F3DEAB6D-C4E1-42DB-AEFE-DEFFE47C25BC}
	EndGlobalSection
EndGlobal
