
Microsoft Visual Studio Solution File, Format Version 12.00
# Visual Studio Version 16
VisualStudioVersion = 16.0.31313.79
MinimumVisualStudioVersion = 10.0.40219.1
Project("{FAE04EC0-301F-11D3-BF4B-00C04F79EFBC}") = "BooleanLogic", "BooleanLogic\BooleanLogic.csproj", "{DF73ED20-02F7-4E6E-A884-2334B2A4A43E}"
EndProject
Global
	GlobalSection(SolutionConfigurationPlatforms) = preSolution
		Debug|Any CPU = Debug|Any CPU
		Release|Any CPU = Release|Any CPU
	EndGlobalSection
	GlobalSection(ProjectConfigurationPlatforms) = postSolution
		{DF73ED20-02F7-4E6E-A884-2334B2A4A43E}.Debug|Any CPU.ActiveCfg = Debug|Any CPU
		{DF73ED20-02F7-4E6E-A884-2334B2A4A43E}.Debug|Any CPU.Build.0 = Debug|Any CPU
		{DF73ED20-02F7-4E6E-A884-2334B2A4A43E}.Release|Any CPU.ActiveCfg = Release|Any CPU
		{DF73ED20-02F7-4E6E-A884-2334B2A4A43E}.Release|Any CPU.Build.0 = Release|Any CPU
	EndGlobalSection
	GlobalSection(SolutionProperties) = preSolution
		HideSolutionNode = FALSE
	EndGlobalSection
	GlobalSection(ExtensibilityGlobals) = postSolution
		SolutionGuid = {094C535B-8D52-4B8C-90A0-F4005D42AFA8}
	EndGlobalSection
EndGlobal
